{
  "name": "@my/button",
  "version": "1.0.8",
  "lockfileVersion": 1,
  "requires": true,
  "dependencies": {
    "@my/button2": {
      "version": "1.0.8",
      "resolved": "http://localhost:4873/@my%2fbutton2/-/button2-1.0.8.tgz",
      "integrity": "sha512-jooRBaR1a8tfdQ9RlJxkdio5p3l+xoNGY64xN1k0lqfGgsIdOB1rgHmIzPgqAT4lCXfKCilydLMA4fzfJHrjWQ=="
    }
  }
}
